
Microsoft Visual Studio Solution File, Format Version 12.00
# Visual Studio 14
VisualStudioVersion = 14.0.25420.1
MinimumVisualStudioVersion = 10.0.40219.1
Project("{8BC9CEB8-8B4A-11D0-8D11-00A0C91BC942}") = "OggPlayer", "IDA_OggPlayer\IDA_OggPlayer.vcxproj", "{EB49A947-0B1E-4F53-BAA0-7E381B8362BC}"
EndProject
Project("{8BC9CEB8-8B4A-11D0-8D11-00A0C91BC942}") = "SupportLib", "SupportLib\SupportLib.vcxproj", "{FDBB534D-0F74-4324-BFD5-7BA6DDD66ED8}"
EndProject
Project("{8BC9CEB8-8B4A-11D0-8D11-00A0C91BC942}") = "WaitEx", "IDA_WaitEx\WaitEx.vcxproj", "{2B11CBC0-3D63-4D18-B5DD-93AA3C7C677C}"
EndProject
Project("{8BC9CEB8-8B4A-11D0-8D11-00A0C91BC942}") = "SegmentSelect", "IDA_SegmentSelect\lib.vcxproj", "{DEADBEEF-CAFE-F00D-FEED-C0FFEEC0FFEE}"
EndProject
Global
	GlobalSection(SolutionConfigurationPlatforms) = preSolution
		Debug|x64 = Debug|x64
		Debug|x86 = Debug|x86
		DebugEA64|x64 = DebugEA64|x64
		DebugEA64|x86 = DebugEA64|x86
		MDS Debug|x64 = MDS Debug|x64
		MDS Debug|x86 = MDS Debug|x86
		MDS Release|x64 = MDS Release|x64
		MDS Release|x86 = MDS Release|x86
		Release|x64 = Release|x64
		Release|x86 = Release|x86
		ReleaseEA64|x64 = ReleaseEA64|x64
		ReleaseEA64|x86 = ReleaseEA64|x86
	EndGlobalSection
	GlobalSection(ProjectConfigurationPlatforms) = postSolution
		{EB49A947-0B1E-4F53-BAA0-7E381B8362BC}.Debug|x64.ActiveCfg = Debug|x64
		{EB49A947-0B1E-4F53-BAA0-7E381B8362BC}.Debug|x64.Build.0 = Debug|x64
		{EB49A947-0B1E-4F53-BAA0-7E381B8362BC}.Debug|x86.ActiveCfg = Debug|Win32
		{EB49A947-0B1E-4F53-BAA0-7E381B8362BC}.Debug|x86.Build.0 = Debug|Win32
		{EB49A947-0B1E-4F53-BAA0-7E381B8362BC}.DebugEA64|x64.ActiveCfg = Debug|x64
		{EB49A947-0B1E-4F53-BAA0-7E381B8362BC}.DebugEA64|x64.Build.0 = Debug|x64
		{EB49A947-0B1E-4F53-BAA0-7E381B8362BC}.DebugEA64|x86.ActiveCfg = Debug|Win32
		{EB49A947-0B1E-4F53-BAA0-7E381B8362BC}.DebugEA64|x86.Build.0 = Debug|Win32
		{EB49A947-0B1E-4F53-BAA0-7E381B8362BC}.MDS Debug|x64.ActiveCfg = Debug|x64
		{EB49A947-0B1E-4F53-BAA0-7E381B8362BC}.MDS Debug|x64.Build.0 = Debug|x64
		{EB49A947-0B1E-4F53-BAA0-7E381B8362BC}.MDS Debug|x86.ActiveCfg = Debug|Win32
		{EB49A947-0B1E-4F53-BAA0-7E381B8362BC}.MDS Debug|x86.Build.0 = Debug|Win32
		{EB49A947-0B1E-4F53-BAA0-7E381B8362BC}.MDS Release|x64.ActiveCfg = Release|x64
		{EB49A947-0B1E-4F53-BAA0-7E381B8362BC}.MDS Release|x64.Build.0 = Release|x64
		{EB49A947-0B1E-4F53-BAA0-7E381B8362BC}.MDS Release|x86.ActiveCfg = Release|Win32
		{EB49A947-0B1E-4F53-BAA0-7E381B8362BC}.MDS Release|x86.Build.0 = Release|Win32
		{EB49A947-0B1E-4F53-BAA0-7E381B8362BC}.Release|x64.ActiveCfg = Release|x64
		{EB49A947-0B1E-4F53-BAA0-7E381B8362BC}.Release|x64.Build.0 = Release|x64
		{EB49A947-0B1E-4F53-BAA0-7E381B8362BC}.Release|x86.ActiveCfg = Release|Win32
		{EB49A947-0B1E-4F53-BAA0-7E381B8362BC}.Release|x86.Build.0 = Release|Win32
		{EB49A947-0B1E-4F53-BAA0-7E381B8362BC}.ReleaseEA64|x64.ActiveCfg = Release|x64
		{EB49A947-0B1E-4F53-BAA0-7E381B8362BC}.ReleaseEA64|x64.Build.0 = Release|x64
		{EB49A947-0B1E-4F53-BAA0-7E381B8362BC}.ReleaseEA64|x86.ActiveCfg = Release|Win32
		{EB49A947-0B1E-4F53-BAA0-7E381B8362BC}.ReleaseEA64|x86.Build.0 = Release|Win32
		{FDBB534D-0F74-4324-BFD5-7BA6DDD66ED8}.Debug|x64.ActiveCfg = Debug|x64
		{FDBB534D-0F74-4324-BFD5-7BA6DDD66ED8}.Debug|x64.Build.0 = Debug|x64
		{FDBB534D-0F74-4324-BFD5-7BA6DDD66ED8}.Debug|x86.ActiveCfg = Debug|Win32
		{FDBB534D-0F74-4324-BFD5-7BA6DDD66ED8}.Debug|x86.Build.0 = Debug|Win32
		{FDBB534D-0F74-4324-BFD5-7BA6DDD66ED8}.DebugEA64|x64.ActiveCfg = Debug|x64
		{FDBB534D-0F74-4324-BFD5-7BA6DDD66ED8}.DebugEA64|x64.Build.0 = Debug|x64
		{FDBB534D-0F74-4324-BFD5-7BA6DDD66ED8}.DebugEA64|x86.ActiveCfg = Debug|Win32
		{FDBB534D-0F74-4324-BFD5-7BA6DDD66ED8}.DebugEA64|x86.Build.0 = Debug|Win32
		{FDBB534D-0F74-4324-BFD5-7BA6DDD66ED8}.MDS Debug|x64.ActiveCfg = Debug|x64
		{FDBB534D-0F74-4324-BFD5-7BA6DDD66ED8}.MDS Debug|x64.Build.0 = Debug|x64
		{FDBB534D-0F74-4324-BFD5-7BA6DDD66ED8}.MDS Debug|x86.ActiveCfg = Debug|Win32
		{FDBB534D-0F74-4324-BFD5-7BA6DDD66ED8}.MDS Debug|x86.Build.0 = Debug|Win32
		{FDBB534D-0F74-4324-BFD5-7BA6DDD66ED8}.MDS Release|x64.ActiveCfg = Release|x64
		{FDBB534D-0F74-4324-BFD5-7BA6DDD66ED8}.MDS Release|x64.Build.0 = Release|x64
		{FDBB534D-0F74-4324-BFD5-7BA6DDD66ED8}.MDS Release|x86.ActiveCfg = Release|Win32
		{FDBB534D-0F74-4324-BFD5-7BA6DDD66ED8}.MDS Release|x86.Build.0 = Release|Win32
		{FDBB534D-0F74-4324-BFD5-7BA6DDD66ED8}.Release|x64.ActiveCfg = Release|x64
		{FDBB534D-0F74-4324-BFD5-7BA6DDD66ED8}.Release|x64.Build.0 = Release|x64
		{FDBB534D-0F74-4324-BFD5-7BA6DDD66ED8}.Release|x86.ActiveCfg = Release|Win32
		{FDBB534D-0F74-4324-BFD5-7BA6DDD66ED8}.Release|x86.Build.0 = Release|Win32
		{FDBB534D-0F74-4324-BFD5-7BA6DDD66ED8}.ReleaseEA64|x64.ActiveCfg = Release|x64
		{FDBB534D-0F74-4324-BFD5-7BA6DDD66ED8}.ReleaseEA64|x64.Build.0 = Release|x64
		{FDBB534D-0F74-4324-BFD5-7BA6DDD66ED8}.ReleaseEA64|x86.ActiveCfg = Release|Win32
		{FDBB534D-0F74-4324-BFD5-7BA6DDD66ED8}.ReleaseEA64|x86.Build.0 = Release|Win32
		{2B11CBC0-3D63-4D18-B5DD-93AA3C7C677C}.Debug|x64.ActiveCfg = Debug|x64
		{2B11CBC0-3D63-4D18-B5DD-93AA3C7C677C}.Debug|x64.Build.0 = Debug|x64
		{2B11CBC0-3D63-4D18-B5DD-93AA3C7C677C}.Debug|x86.ActiveCfg = Debug|Win32
		{2B11CBC0-3D63-4D18-B5DD-93AA3C7C677C}.Debug|x86.Build.0 = Debug|Win32
		{2B11CBC0-3D63-4D18-B5DD-93AA3C7C677C}.DebugEA64|x64.ActiveCfg = Debug|x64
		{2B11CBC0-3D63-4D18-B5DD-93AA3C7C677C}.DebugEA64|x64.Build.0 = Debug|x64
		{2B11CBC0-3D63-4D18-B5DD-93AA3C7C677C}.DebugEA64|x86.ActiveCfg = Debug|Win32
		{2B11CBC0-3D63-4D18-B5DD-93AA3C7C677C}.DebugEA64|x86.Build.0 = Debug|Win32
		{2B11CBC0-3D63-4D18-B5DD-93AA3C7C677C}.MDS Debug|x64.ActiveCfg = MDS Debug|x64
		{2B11CBC0-3D63-4D18-B5DD-93AA3C7C677C}.MDS Debug|x64.Build.0 = MDS Debug|x64
		{2B11CBC0-3D63-4D18-B5DD-93AA3C7C677C}.MDS Debug|x86.ActiveCfg = MDS Debug|Win32
		{2B11CBC0-3D63-4D18-B5DD-93AA3C7C677C}.MDS Debug|x86.Build.0 = MDS Debug|Win32
		{2B11CBC0-3D63-4D18-B5DD-93AA3C7C677C}.MDS Release|x64.ActiveCfg = MDS Release|x64
		{2B11CBC0-3D63-4D18-B5DD-93AA3C7C677C}.MDS Release|x64.Build.0 = MDS Release|x64
		{2B11CBC0-3D63-4D18-B5DD-93AA3C7C677C}.MDS Release|x86.ActiveCfg = MDS Release|Win32
		{2B11CBC0-3D63-4D18-B5DD-93AA3C7C677C}.MDS Release|x86.Build.0 = MDS Release|Win32
		{2B11CBC0-3D63-4D18-B5DD-93AA3C7C677C}.Release|x64.ActiveCfg = Release|x64
		{2B11CBC0-3D63-4D18-B5DD-93AA3C7C677C}.Release|x64.Build.0 = Release|x64
		{2B11CBC0-3D63-4D18-B5DD-93AA3C7C677C}.Release|x86.ActiveCfg = Release|Win32
		{2B11CBC0-3D63-4D18-B5DD-93AA3C7C677C}.Release|x86.Build.0 = Release|Win32
		{2B11CBC0-3D63-4D18-B5DD-93AA3C7C677C}.ReleaseEA64|x64.ActiveCfg = Release|x64
		{2B11CBC0-3D63-4D18-B5DD-93AA3C7C677C}.ReleaseEA64|x64.Build.0 = Release|x64
		{2B11CBC0-3D63-4D18-B5DD-93AA3C7C677C}.ReleaseEA64|x86.ActiveCfg = Release|Win32
		{2B11CBC0-3D63-4D18-B5DD-93AA3C7C677C}.ReleaseEA64|x86.Build.0 = Release|Win32
		{DEADBEEF-CAFE-F00D-FEED-C0FFEEC0FFEE}.Debug|x64.ActiveCfg = Debug|x64
		{DEADBEEF-CAFE-F00D-FEED-C0FFEEC0FFEE}.Debug|x64.Build.0 = Debug|x64
		{DEADBEEF-CAFE-F00D-FEED-C0FFEEC0FFEE}.Debug|x86.ActiveCfg = Debug|Win32
		{DEADBEEF-CAFE-F00D-FEED-C0FFEEC0FFEE}.Debug|x86.Build.0 = Debug|Win32
		{DEADBEEF-CAFE-F00D-FEED-C0FFEEC0FFEE}.DebugEA64|x64.ActiveCfg = DebugEA64|x64
		{DEADBEEF-CAFE-F00D-FEED-C0FFEEC0FFEE}.DebugEA64|x64.Build.0 = DebugEA64|x64
		{DEADBEEF-CAFE-F00D-FEED-C0FFEEC0FFEE}.DebugEA64|x86.ActiveCfg = DebugEA64|Win32
		{DEADBEEF-CAFE-F00D-FEED-C0FFEEC0FFEE}.DebugEA64|x86.Build.0 = DebugEA64|Win32
		{DEADBEEF-CAFE-F00D-FEED-C0FFEEC0FFEE}.MDS Debug|x64.ActiveCfg = Debug|x64
		{DEADBEEF-CAFE-F00D-FEED-C0FFEEC0FFEE}.MDS Debug|x64.Build.0 = Debug|x64
		{DEADBEEF-CAFE-F00D-FEED-C0FFEEC0FFEE}.MDS Debug|x86.ActiveCfg = Debug|Win32
		{DEADBEEF-CAFE-F00D-FEED-C0FFEEC0FFEE}.MDS Debug|x86.Build.0 = Debug|Win32
		{DEADBEEF-CAFE-F00D-FEED-C0FFEEC0FFEE}.MDS Release|x64.ActiveCfg = Release|x64
		{DEADBEEF-CAFE-F00D-FEED-C0FFEEC0FFEE}.MDS Release|x64.Build.0 = Release|x64
		{DEADBEEF-CAFE-F00D-FEED-C0FFEEC0FFEE}.MDS Release|x86.ActiveCfg = Release|Win32
		{DEADBEEF-CAFE-F00D-FEED-C0FFEEC0FFEE}.MDS Release|x86.Build.0 = Release|Win32
		{DEADBEEF-CAFE-F00D-FEED-C0FFEEC0FFEE}.Release|x64.ActiveCfg = Release|x64
		{DEADBEEF-CAFE-F00D-FEED-C0FFEEC0FFEE}.Release|x64.Build.0 = Release|x64
		{DEADBEEF-CAFE-F00D-FEED-C0FFEEC0FFEE}.Release|x86.ActiveCfg = Release|Win32
		{DEADBEEF-CAFE-F00D-FEED-C0FFEEC0FFEE}.Release|x86.Build.0 = Release|Win32
		{DEADBEEF-CAFE-F00D-FEED-C0FFEEC0FFEE}.ReleaseEA64|x64.ActiveCfg = ReleaseEA64|x64
		{DEADBEEF-CAFE-F00D-FEED-C0FFEEC0FFEE}.ReleaseEA64|x64.Build.0 = ReleaseEA64|x64
		{DEADBEEF-CAFE-F00D-FEED-C0FFEEC0FFEE}.ReleaseEA64|x86.ActiveCfg = ReleaseEA64|Win32
		{DEADBEEF-CAFE-F00D-FEED-C0FFEEC0FFEE}.ReleaseEA64|x86.Build.0 = ReleaseEA64|Win32
	EndGlobalSection
	GlobalSection(SolutionProperties) = preSolution
		HideSolutionNode = FALSE
	EndGlobalSection
EndGlobal
