<?xml version="1.0" encoding="utf-8"?>
<Project ToolsVersion="4.0" xmlns="http://schemas.microsoft.com/developer/msbuild/2003">
  <ItemGroup>
    <Filter Include="Form Files">
      <UniqueIdentifier>{99349809-55BA-4b9d-BF79-8FDBB0286EB3}</UniqueIdentifier>
      <Extensions>ui</Extensions>
    </Filter>
    <Filter Include="Generated Files">
      <UniqueIdentifier>{71ED8ED8-ACB9-4CE9-BBE1-E00B30144E11}</UniqueIdentifier>
      <Extensions>moc;h;cpp</Extensions>
      <SourceControlFiles>False</SourceControlFiles>
    </Filter>
    <Filter Include="Generated Files\Debug">
      <UniqueIdentifier>{3fb17cc4-f550-430e-bab8-a753d1693789}</UniqueIdentifier>
      <Extensions>cpp;moc</Extensions>
      <SourceControlFiles>False</SourceControlFiles>
    </Filter>
    <Filter Include="Generated Files\Release">
      <UniqueIdentifier>{ac36ff6d-414b-4a61-8720-c3260abf7659}</UniqueIdentifier>
      <Extensions>cpp;moc</Extensions>
      <SourceControlFiles>False</SourceControlFiles>
    </Filter>
    <Filter Include="Resources">
      <UniqueIdentifier>{26fe2b90-a029-498a-b70a-6641c63d3840}</UniqueIdentifier>
    </Filter>
    <Filter Include="Generated Files\ReleaseEA64">
      <UniqueIdentifier>{61b08b80-e47d-408a-b488-4c887256b386}</UniqueIdentifier>
      <Extensions>cpp;moc</Extensions>
      <SourceControlFiles>False</SourceControlFiles>
    </Filter>
    <Filter Include="Generated Files\DebugEA64">
      <UniqueIdentifier>{3eba8213-0cfe-4231-ad6a-1ad00cd3a37b}</UniqueIdentifier>
      <Extensions>cpp;moc</Extensions>
      <SourceControlFiles>False</SourceControlFiles>
    </Filter>
  </ItemGroup>
  <ItemGroup>
    <CustomBuild Include="SegmentDialog.h" />
    <CustomBuild Include="SegmentDialog.ui">
      <Filter>Form Files</Filter>
    </CustomBuild>
    <CustomBuild Include="QtResource.qrc">
      <Filter>Resources</Filter>
    </CustomBuild>
  </ItemGroup>
  <ItemGroup>
    <ClCompile Include="SegSelect.cpp" />
    <ClCompile Include="GeneratedFiles\qrc_QtResource.cpp">
      <Filter>Generated Files</Filter>
    </ClCompile>
    <ClCompile Include="GeneratedFiles\ReleaseEA64\moc_SegmentDialog.cpp">
      <Filter>Generated Files\ReleaseEA64</Filter>
    </ClCompile>
    <ClCompile Include="GeneratedFiles\DebugEA64\moc_SegmentDialog.cpp">
      <Filter>Generated Files\DebugEA64</Filter>
    </ClCompile>
    <ClCompile Include="GeneratedFiles\Debug\moc_SegmentDialog.cpp">
      <Filter>Generated Files\Debug</Filter>
    </ClCompile>
    <ClCompile Include="GeneratedFiles\Release\moc_SegmentDialog.cpp">
      <Filter>Generated Files\Release</Filter>
    </ClCompile>
  </ItemGroup>
  <ItemGroup>
    <ClInclude Include="GeneratedFiles\ui_SegmentDialog.h">
      <Filter>Generated Files</Filter>
    </ClInclude>
    <ClInclude Include="SegSelect.h" />
  </ItemGroup>
</Project>